
Microsoft Visual Studio Solution File, Format Version 12.00
# Visual Studio Version 17
VisualStudioVersion = 17.8.34330.188
MinimumVisualStudioVersion = 10.0.40219.1
Project("{FAE04EC0-301F-11D3-BF4B-00C04F79EFBC}") = "HudaKasemClinc", "HudaKasemClinc.csproj", "{2F252CBE-CB49-45A8-8A90-BD8B2CEB968E}"
EndProject
Project("{FAE04EC0-301F-11D3-BF4B-00C04F79EFBC}") = "HudaClinc-BusinessLayer", "..\HudaClinc-BusinessLayer\HudaClinc-BusinessLayer.csproj", "{0D4919B7-2C02-45B5-9883-779754785F17}"
EndProject
Project("{FAE04EC0-301F-11D3-BF4B-00C04F79EFBC}") = "HudaClinc-DataAccessLayer", "..\HudaClinc-DataAccessLayer\HudaClinc-DataAccessLayer.csproj", "{3AEEA221-A798-4AE8-9A7A-FC99462812EE}"
EndProject
Global
	GlobalSection(SolutionConfigurationPlatforms) = preSolution
		Debug|Any CPU = Debug|Any CPU
		Release|Any CPU = Release|Any CPU
	EndGlobalSection
	GlobalSection(ProjectConfigurationPlatforms) = postSolution
		{2F252CBE-CB49-45A8-8A90-BD8B2CEB968E}.Debug|Any CPU.ActiveCfg = Debug|Any CPU
		{2F252CBE-CB49-45A8-8A90-BD8B2CEB968E}.Debug|Any CPU.Build.0 = Debug|Any CPU
		{2F252CBE-CB49-45A8-8A90-BD8B2CEB968E}.Release|Any CPU.ActiveCfg = Release|Any CPU
		{2F252CBE-CB49-45A8-8A90-BD8B2CEB968E}.Release|Any CPU.Build.0 = Release|Any CPU
		{0D4919B7-2C02-45B5-9883-779754785F17}.Debug|Any CPU.ActiveCfg = Debug|Any CPU
		{0D4919B7-2C02-45B5-9883-779754785F17}.Debug|Any CPU.Build.0 = Debug|Any CPU
		{0D4919B7-2C02-45B5-9883-779754785F17}.Release|Any CPU.ActiveCfg = Release|Any CPU
		{0D4919B7-2C02-45B5-9883-779754785F17}.Release|Any CPU.Build.0 = Release|Any CPU
		{3AEEA221-A798-4AE8-9A7A-FC99462812EE}.Debug|Any CPU.ActiveCfg = Debug|Any CPU
		{3AEEA221-A798-4AE8-9A7A-FC99462812EE}.Debug|Any CPU.Build.0 = Debug|Any CPU
		{3AEEA221-A798-4AE8-9A7A-FC99462812EE}.Release|Any CPU.ActiveCfg = Release|Any CPU
		{3AEEA221-A798-4AE8-9A7A-FC99462812EE}.Release|Any CPU.Build.0 = Release|Any CPU
	EndGlobalSection
	GlobalSection(SolutionProperties) = preSolution
		HideSolutionNode = FALSE
	EndGlobalSection
	GlobalSection(ExtensibilityGlobals) = postSolution
		SolutionGuid = {AE04EB07-B708-4832-B891-1FA489F5D263}
	EndGlobalSection
EndGlobal
